
Microsoft Visual Studio Solution File, Format Version 12.00
# Visual Studio Express 2012 for Windows Desktop
Project("{FAE04EC0-301F-11D3-BF4B-00C04F79EFBC}") = "Calculatedays", "Calculatedays\Calculatedays.csproj", "{4C918059-A17C-414E-9E8F-7D8CED614886}"
EndProject
Global
	GlobalSection(SolutionConfigurationPlatforms) = preSolution
		Debug|Any CPU = Debug|Any CPU
		Release|Any CPU = Release|Any CPU
	EndGlobalSection
	GlobalSection(ProjectConfigurationPlatforms) = postSolution
		{4C918059-A17C-414E-9E8F-7D8CED614886}.Debug|Any CPU.ActiveCfg = Debug|Any CPU
		{4C918059-A17C-414E-9E8F-7D8CED614886}.Debug|Any CPU.Build.0 = Debug|Any CPU
		{4C918059-A17C-414E-9E8F-7D8CED614886}.Release|Any CPU.ActiveCfg = Release|Any CPU
		{4C918059-A17C-414E-9E8F-7D8CED614886}.Release|Any CPU.Build.0 = Release|Any CPU
	EndGlobalSection
	GlobalSection(SolutionProperties) = preSolution
		HideSolutionNode = FALSE
	EndGlobalSection
EndGlobal
